// !$*UTF8*$!
{
	archiveVersion = 1;
	classes = {
	};
	objectVersion = 46;
	objects = {

/* Begin PBXBuildFile section */
		E4294E0819E82E5400895CCC /* main.m in Sources */ = {isa = PBXBuildFile; fileRef = E4294E0719E82E5400895CCC /* main.m */; };
		E4294E0B19E82E5400895CCC /* AppDelegate.m in Sources */ = {isa = PBXBuildFile; fileRef = E4294E0A19E82E5400895CCC /* AppDelegate.m */; };
		E4294E0E19E82E5400895CCC /* ViewController.m in Sources */ = {isa = PBXBuildFile; fileRef = E4294E0D19E82E5400895CCC /* ViewController.m */; };
		E4294E1119E82E5400895CCC /* Main.storyboard in Resources */ = {isa = PBXBuildFile; fileRef = E4294E0F19E82E5400895CCC /* Main.storyboard */; };
		E4294E1319E82E5400895CCC /* Images.xcassets in Resources */ = {isa = PBXBuildFile; fileRef = E4294E1219E82E5400895CCC /* Images.xcassets */; };
		E4294E1619E82E5400895CCC /* LaunchScreen.xib in Resources */ = {isa = PBXBuildFile; fileRef = E4294E1419E82E5400895CCC /* LaunchScreen.xib */; };
		E4294E2219E82E5400895CCC /* CodeChallenge02Tests.m in Sources */ = {isa = PBXBuildFile; fileRef = E4294E2119E82E5400895CCC /* CodeChallenge02Tests.m */; };
		E4294E2D19E82E8200895CCC /* City.m in Sources */ = {isa = PBXBuildFile; fileRef = E4294E2C19E82E8200895CCC /* City.m */; };
		E4294E3019E8377700895CCC /* CityViewController.m in Sources */ = {isa = PBXBuildFile; fileRef = E4294E2F19E8377700895CCC /* CityViewController.m */; };
		E4294E3319E84E4300895CCC /* WikiViewController.m in Sources */ = {isa = PBXBuildFile; fileRef = E4294E3219E84E4300895CCC /* WikiViewController.m */; };
/* End PBXBuildFile section */

/* Begin PBXContainerItemProxy section */
		E4294E1C19E82E5400895CCC /* PBXContainerItemProxy */ = {
			isa = PBXContainerItemProxy;
			containerPortal = E4294DFA19E82E5400895CCC /* Project object */;
			proxyType = 1;
			remoteGlobalIDString = E4294E0119E82E5400895CCC;
			remoteInfo = CodeChallenge02;
		};
/* End PBXContainerItemProxy section */

/* Begin PBXFileReference section */
		E4294E0219E82E5400895CCC /* CodeChallenge02.app */ = {isa = PBXFileReference; explicitFileType = wrapper.application; includeInIndex = 0; path = CodeChallenge02.app; sourceTree = BUILT_PRODUCTS_DIR; };
		E4294E0619E82E5400895CCC /* Info.plist */ = {isa = PBXFileReference; lastKnownFileType = text.plist.xml; path = Info.plist; sourceTree = "<group>"; };
		E4294E0719E82E5400895CCC /* main.m */ = {isa = PBXFileReference; lastKnownFileType = sourcecode.c.objc; path = main.m; sourceTree = "<group>"; };
		E4294E0919E82E5400895CCC /* AppDelegate.h */ = {isa = PBXFileReference; lastKnownFileType = sourcecode.c.h; path = AppDelegate.h; sourceTree = "<group>"; };
		E4294E0A19E82E5400895CCC /* AppDelegate.m */ = {isa = PBXFileReference; lastKnownFileType = sourcecode.c.objc; path = AppDelegate.m; sourceTree = "<group>"; };
		E4294E0C19E82E5400895CCC /* ViewController.h */ = {isa = PBXFileReference; lastKnownFileType = sourcecode.c.h; path = ViewController.h; sourceTree = "<group>"; };
		E4294E0D19E82E5400895CCC /* ViewController.m */ = {isa = PBXFileReference; lastKnownFileType = sourcecode.c.objc; path = ViewController.m; sourceTree = "<group>"; };
		E4294E1019E82E5400895CCC /* Base */ = {isa = PBXFileReference; lastKnownFileType = file.storyboard; name = Base; path = Base.lproj/Main.storyboard; sourceTree = "<group>"; };
		E4294E1219E82E5400895CCC /* Images.xcassets */ = {isa = PBXFileReference; lastKnownFileType = folder.assetcatalog; path = Images.xcassets; sourceTree = "<group>"; };
		E4294E1519E82E5400895CCC /* Base */ = {isa = PBXFileReference; lastKnownFileType = file.xib; name = Base; path = Base.lproj/LaunchScreen.xib; sourceTree = "<group>"; };
		E4294E1B19E82E5400895CCC /* CodeChallenge02Tests.xctest */ = {isa = PBXFileReference; explicitFileType = wrapper.cfbundle; includeInIndex = 0; path = CodeChallenge02Tests.xctest; sourceTree = BUILT_PRODUCTS_DIR; };
		E4294E2019E82E5400895CCC /* Info.plist */ = {isa = PBXFileReference; lastKnownFileType = text.plist.xml; path = Info.plist; sourceTree = "<group>"; };
		E4294E2119E82E5400895CCC /* CodeChallenge02Tests.m */ = {isa = PBXFileReference; lastKnownFileType = sourcecode.c.objc; path = CodeChallenge02Tests.m; sourceTree = "<group>"; };
		E4294E2B19E82E8200895CCC /* City.h */ = {isa = PBXFileReference; fileEncoding = 4; lastKnownFileType = sourcecode.c.h; path = City.h; sourceTree = "<group>"; };
		E4294E2C19E82E8200895CCC /* City.m */ = {isa = PBXFileReference; fileEncoding = 4; lastKnownFileType = sourcecode.c.objc; path = City.m; sourceTree = "<group>"; };
		E4294E2E19E8377700895CCC /* CityViewController.h */ = {isa = PBXFileReference; fileEncoding = 4; lastKnownFileType = sourcecode.c.h; path = CityViewController.h; sourceTree = "<group>"; };
		E4294E2F19E8377700895CCC /* CityViewController.m */ = {isa = PBXFileReference; fileEncoding = 4; lastKnownFileType = sourcecode.c.objc; path = CityViewController.m; sourceTree = "<group>"; };
		E4294E3119E84E4300895CCC /* WikiViewController.h */ = {isa = PBXFileReference; fileEncoding = 4; lastKnownFileType = sourcecode.c.h; path = WikiViewController.h; sourceTree = "<group>"; };
		E4294E3219E84E4300895CCC /* WikiViewController.m */ = {isa = PBXFileReference; fileEncoding = 4; lastKnownFileType = sourcecode.c.objc; path = WikiViewController.m; sourceTree = "<group>"; };
/* End PBXFileReference section */

/* Begin PBXFrameworksBuildPhase section */
		E4294DFF19E82E5400895CCC /* Frameworks */ = {
			isa = PBXFrameworksBuildPhase;
			buildActionMask = 2147483647;
			files = (
			);
			runOnlyForDeploymentPostprocessing = 0;
		};
		E4294E1819E82E5400895CCC /* Frameworks */ = {
			isa = PBXFrameworksBuildPhase;
			buildActionMask = 2147483647;
			files = (
			);
			runOnlyForDeploymentPostprocessing = 0;
		};
/* End PBXFrameworksBuildPhase section */

/* Begin PBXGroup section */
		E4294DF919E82E5400895CCC = {
			isa = PBXGroup;
			children = (
				E4294E0419E82E5400895CCC /* CodeChallenge02 */,
				E4294E1E19E82E5400895CCC /* CodeChallenge02Tests */,
				E4294E0319E82E5400895CCC /* Products */,
			);
			sourceTree = "<group>";
		};
		E4294E0319E82E5400895CCC /* Products */ = {
			isa = PBXGroup;
			children = (
				E4294E0219E82E5400895CCC /* CodeChallenge02.app */,
				E4294E1B19E82E5400895CCC /* CodeChallenge02Tests.xctest */,
			);
			name = Products;
			sourceTree = "<group>";
		};
		E4294E0419E82E5400895CCC /* CodeChallenge02 */ = {
			isa = PBXGroup;
			children = (
				E4294E0919E82E5400895CCC /* AppDelegate.h */,
				E4294E0A19E82E5400895CCC /* AppDelegate.m */,
				E4294E0C19E82E5400895CCC /* ViewController.h */,
				E4294E0D19E82E5400895CCC /* ViewController.m */,
				E4294E2B19E82E8200895CCC /* City.h */,
				E4294E2C19E82E8200895CCC /* City.m */,
				E4294E0F19E82E5400895CCC /* Main.storyboard */,
				E4294E2E19E8377700895CCC /* CityViewController.h */,
				E4294E2F19E8377700895CCC /* CityViewController.m */,
				E4294E1219E82E5400895CCC /* Images.xcassets */,
				E4294E1419E82E5400895CCC /* LaunchScreen.xib */,
				E4294E0519E82E5400895CCC /* Supporting Files */,
				E4294E3119E84E4300895CCC /* WikiViewController.h */,
				E4294E3219E84E4300895CCC /* WikiViewController.m */,
			);
			path = CodeChallenge02;
			sourceTree = "<group>";
		};
		E4294E0519E82E5400895CCC /* Supporting Files */ = {
			isa = PBXGroup;
			children = (
				E4294E0619E82E5400895CCC /* Info.plist */,
				E4294E0719E82E5400895CCC /* main.m */,
			);
			name = "Supporting Files";
			sourceTree = "<group>";
		};
		E4294E1E19E82E5400895CCC /* CodeChallenge02Tests */ = {
			isa = PBXGroup;
			children = (
				E4294E2119E82E5400895CCC /* CodeChallenge02Tests.m */,
				E4294E1F19E82E5400895CCC /* Supporting Files */,
			);
			path = CodeChallenge02Tests;
			sourceTree = "<group>";
		};
		E4294E1F19E82E5400895CCC /* Supporting Files */ = {
			isa = PBXGroup;
			children = (
				E4294E2019E82E5400895CCC /* Info.plist */,
			);
			name = "Supporting Files";
			sourceTree = "<group>";
		};
/* End PBXGroup section */

/* Begin PBXNativeTarget section */
		E4294E0119E82E5400895CCC /* CodeChallenge02 */ = {
			isa = PBXNativeTarget;
			buildConfigurationList = E4294E2519E82E5400895CCC /* Build configuration list for PBXNativeTarget "CodeChallenge02" */;
			buildPhases = (
				E4294DFE19E82E5400895CCC /* Sources */,
				E4294DFF19E82E5400895CCC /* Frameworks */,
				E4294E0019E82E5400895CCC /* Resources */,
			);
			buildRules = (
			);
			dependencies = (
			);
			name = CodeChallenge02;
			productName = CodeChallenge02;
			productReference = E4294E0219E82E5400895CCC /* CodeChallenge02.app */;
			productType = "com.apple.product-type.application";
		};
		E4294E1A19E82E5400895CCC /* CodeChallenge02Tests */ = {
			isa = PBXNativeTarget;
			buildConfigurationList = E4294E2819E82E5400895CCC /* Build configuration list for PBXNativeTarget "CodeChallenge02Tests" */;
			buildPhases = (
				E4294E1719E82E5400895CCC /* Sources */,
				E4294E1819E82E5400895CCC /* Frameworks */,
				E4294E1919E82E5400895CCC /* Resources */,
			);
			buildRules = (
			);
			dependencies = (
				E4294E1D19E82E5400895CCC /* PBXTargetDependency */,
			);
			name = CodeChallenge02Tests;
			productName = CodeChallenge02Tests;
			productReference = E4294E1B19E82E5400895CCC /* CodeChallenge02Tests.xctest */;
			productType = "com.apple.product-type.bundle.unit-test";
		};
/* End PBXNativeTarget section */

/* Begin PBXProject section */
		E4294DFA19E82E5400895CCC /* Project object */ = {
			isa = PBXProject;
			attributes = {
				LastUpgradeCheck = 0600;
				ORGANIZATIONNAME = Globant;
				TargetAttributes = {
					E4294E0119E82E5400895CCC = {
						CreatedOnToolsVersion = 6.0.1;
					};
					E4294E1A19E82E5400895CCC = {
						CreatedOnToolsVersion = 6.0.1;
						TestTargetID = E4294E0119E82E5400895CCC;
					};
				};
			};
			buildConfigurationList = E4294DFD19E82E5400895CCC /* Build configuration list for PBXProject "CodeChallenge02" */;
			compatibilityVersion = "Xcode 3.2";
			developmentRegion = English;
			hasScannedForEncodings = 0;
			knownRegions = (
				en,
				Base,
			);
			mainGroup = E4294DF919E82E5400895CCC;
			productRefGroup = E4294E0319E82E5400895CCC /* Products */;
			projectDirPath = "";
			projectRoot = "";
			targets = (
				E4294E0119E82E5400895CCC /* CodeChallenge02 */,
				E4294E1A19E82E5400895CCC /* CodeChallenge02Tests */,
			);
		};
/* End PBXProject section */

/* Begin PBXResourcesBuildPhase section */
		E4294E0019E82E5400895CCC /* Resources */ = {
			isa = PBXResourcesBuildPhase;
			buildActionMask = 2147483647;
			files = (
				E4294E1119E82E5400895CCC /* Main.storyboard in Resources */,
				E4294E1619E82E5400895CCC /* LaunchScreen.xib in Resources */,
				E4294E1319E82E5400895CCC /* Images.xcassets in Resources */,
			);
			runOnlyForDeploymentPostprocessing = 0;
		};
		E4294E1919E82E5400895CCC /* Resources */ = {
			isa = PBXResourcesBuildPhase;
			buildActionMask = 2147483647;
			files = (
			);
			runOnlyForDeploymentPostprocessing = 0;
		};
/* End PBXResourcesBuildPhase section */

/* Begin PBXSourcesBuildPhase section */
		E4294DFE19E82E5400895CCC /* Sources */ = {
			isa = PBXSourcesBuildPhase;
			buildActionMask = 2147483647;
			files = (
				E4294E0E19E82E5400895CCC /* ViewController.m in Sources */,
				E4294E0B19E82E5400895CCC /* AppDelegate.m in Sources */,
				E4294E3319E84E4300895CCC /* WikiViewController.m in Sources */,
				E4294E3019E8377700895CCC /* CityViewController.m in Sources */,
				E4294E2D19E82E8200895CCC /* City.m in Sources */,
				E4294E0819E82E5400895CCC /* main.m in Sources */,
			);
			runOnlyForDeploymentPostprocessing = 0;
		};
		E4294E1719E82E5400895CCC /* Sources */ = {
			isa = PBXSourcesBuildPhase;
			buildActionMask = 2147483647;
			files = (
				E4294E2219E82E5400895CCC /* CodeChallenge02Tests.m in Sources */,
			);
			runOnlyForDeploymentPostprocessing = 0;
		};
/* End PBXSourcesBuildPhase section */

/* Begin PBXTargetDependency section */
		E4294E1D19E82E5400895CCC /* PBXTargetDependency */ = {
			isa = PBXTargetDependency;
			target = E4294E0119E82E5400895CCC /* CodeChallenge02 */;
			targetProxy = E4294E1C19E82E5400895CCC /* PBXContainerItemProxy */;
		};
/* End PBXTargetDependency section */

/* Begin PBXVariantGroup section */
		E4294E0F19E82E5400895CCC /* Main.storyboard */ = {
			isa = PBXVariantGroup;
			children = (
				E4294E1019E82E5400895CCC /* Base */,
			);
			name = Main.storyboard;
			sourceTree = "<group>";
		};
		E4294E1419E82E5400895CCC /* LaunchScreen.xib */ = {
			isa = PBXVariantGroup;
			children = (
				E4294E1519E82E5400895CCC /* Base */,
			);
			name = LaunchScreen.xib;
			sourceTree = "<group>";
		};
/* End PBXVariantGroup section */

/* Begin XCBuildConfiguration section */
		E4294E2319E82E5400895CCC /* Debug */ = {
			isa = XCBuildConfiguration;
			buildSettings = {
				ALWAYS_SEARCH_USER_PATHS = NO;
				CLANG_CXX_LANGUAGE_STANDARD = "gnu++0x";
				CLANG_CXX_LIBRARY = "libc++";
				CLANG_ENABLE_MODULES = YES;
				CLANG_ENABLE_OBJC_ARC = YES;
				CLANG_WARN_BOOL_CONVERSION = YES;
				CLANG_WARN_CONSTANT_CONVERSION = YES;
				CLANG_WARN_DIRECT_OBJC_ISA_USAGE = YES_ERROR;
				CLANG_WARN_EMPTY_BODY = YES;
				CLANG_WARN_ENUM_CONVERSION = YES;
				CLANG_WARN_INT_CONVERSION = YES;
				CLANG_WARN_OBJC_ROOT_CLASS = YES_ERROR;
				CLANG_WARN_UNREACHABLE_CODE = YES;
				CLANG_WARN__DUPLICATE_METHOD_MATCH = YES;
				"CODE_SIGN_IDENTITY[sdk=iphoneos*]" = "iPhone Developer";
				COPY_PHASE_STRIP = NO;
				ENABLE_STRICT_OBJC_MSGSEND = YES;
				GCC_C_LANGUAGE_STANDARD = gnu99;
				GCC_DYNAMIC_NO_PIC = NO;
				GCC_OPTIMIZATION_LEVEL = 0;
				GCC_PREPROCESSOR_DEFINITIONS = (
					"DEBUG=1",
					"$(inherited)",
				);
				GCC_SYMBOLS_PRIVATE_EXTERN = NO;
				GCC_WARN_64_TO_32_BIT_CONVERSION = YES;
				GCC_WARN_ABOUT_RETURN_TYPE = YES_ERROR;
				GCC_WARN_UNDECLARED_SELECTOR = YES;
				GCC_WARN_UNINITIALIZED_AUTOS = YES_AGGRESSIVE;
				GCC_WARN_UNUSED_FUNCTION = YES;
				GCC_WARN_UNUSED_VARIABLE = YES;
				IPHONEOS_DEPLOYMENT_TARGET = 8.0;
				MTL_ENABLE_DEBUG_INFO = YES;
				ONLY_ACTIVE_ARCH = YES;
				SDKROOT = iphoneos;
			};
			name = Debug;
		};
		E4294E2419E82E5400895CCC /* Release */ = {
			isa = XCBuildConfiguration;
			buildSettings = {
				ALWAYS_SEARCH_USER_PATHS = NO;
				CLANG_CXX_LANGUAGE_STANDARD = "gnu++0x";
				CLANG_CXX_LIBRARY = "libc++";
				CLANG_ENABLE_MODULES = YES;
				CLANG_ENABLE_OBJC_ARC = YES;
				CLANG_WARN_BOOL_CONVERSION = YES;
				CLANG_WARN_CONSTANT_CONVERSION = YES;
				CLANG_WARN_DIRECT_OBJC_ISA_USAGE = YES_ERROR;
				CLANG_WARN_EMPTY_BODY = YES;
				CLANG_WARN_ENUM_CONVERSION = YES;
				CLANG_WARN_INT_CONVERSION = YES;
				CLANG_WARN_OBJC_ROOT_CLASS = YES_ERROR;
				CLANG_WARN_UNREACHABLE_CODE = YES;
				CLANG_WARN__DUPLICATE_METHOD_MATCH = YES;
				"CODE_SIGN_IDENTITY[sdk=iphoneos*]" = "iPhone Developer";
				COPY_PHASE_STRIP = YES;
				ENABLE_NS_ASSERTIONS = NO;
				ENABLE_STRICT_OBJC_MSGSEND = YES;
				GCC_C_LANGUAGE_STANDARD = gnu99;
				GCC_WARN_64_TO_32_BIT_CONVERSION = YES;
				GCC_WARN_ABOUT_RETURN_TYPE = YES_ERROR;
				GCC_WARN_UNDECLARED_SELECTOR = YES;
				GCC_WARN_UNINITIALIZED_AUTOS = YES_AGGRESSIVE;
				GCC_WARN_UNUSED_FUNCTION = YES;
				GCC_WARN_UNUSED_VARIABLE = YES;
				IPHONEOS_DEPLOYMENT_TARGET = 8.0;
				MTL_ENABLE_DEBUG_INFO = NO;
				SDKROOT = iphoneos;
				VALIDATE_PRODUCT = YES;
			};
			name = Release;
		};
		E4294E2619E82E5400895CCC /* Debug */ = {
			isa = XCBuildConfiguration;
			buildSettings = {
				ASSETCATALOG_COMPILER_APPICON_NAME = AppIcon;
				INFOPLIST_FILE = CodeChallenge02/Info.plist;
				LD_RUNPATH_SEARCH_PATHS = "$(inherited) @executable_path/Frameworks";
				PRODUCT_NAME = "$(TARGET_NAME)";
			};
			name = Debug;
		};
		E4294E2719E82E5400895CCC /* Release */ = {
			isa = XCBuildConfiguration;
			buildSettings = {
				ASSETCATALOG_COMPILER_APPICON_NAME = AppIcon;
				INFOPLIST_FILE = CodeChallenge02/Info.plist;
				LD_RUNPATH_SEARCH_PATHS = "$(inherited) @executable_path/Frameworks";
				PRODUCT_NAME = "$(TARGET_NAME)";
			};
			name = Release;
		};
		E4294E2919E82E5400895CCC /* Debug */ = {
			isa = XCBuildConfiguration;
			buildSettings = {
				BUNDLE_LOADER = "$(TEST_HOST)";
				FRAMEWORK_SEARCH_PATHS = (
					"$(SDKROOT)/Developer/Library/Frameworks",
					"$(inherited)",
				);
				GCC_PREPROCESSOR_DEFINITIONS = (
					"DEBUG=1",
					"$(inherited)",
				);
				INFOPLIST_FILE = CodeChallenge02Tests/Info.plist;
				LD_RUNPATH_SEARCH_PATHS = "$(inherited) @executable_path/Frameworks @loader_path/Frameworks";
				PRODUCT_NAME = "$(TARGET_NAME)";
				TEST_HOST = "$(BUILT_PRODUCTS_DIR)/CodeChallenge02.app/CodeChallenge02";
			};
			name = Debug;
		};
		E4294E2A19E82E5400895CCC /* Release */ = {
			isa = XCBuildConfiguration;
			buildSettings = {
				BUNDLE_LOADER = "$(TEST_HOST)";
				FRAMEWORK_SEARCH_PATHS = (
					"$(SDKROOT)/Developer/Library/Frameworks",
					"$(inherited)",
				);
				INFOPLIST_FILE = CodeChallenge02Tests/Info.plist;
				LD_RUNPATH_SEARCH_PATHS = "$(inherited) @executable_path/Frameworks @loader_path/Frameworks";
				PRODUCT_NAME = "$(TARGET_NAME)";
				TEST_HOST = "$(BUILT_PRODUCTS_DIR)/CodeChallenge02.app/CodeChallenge02";
			};
			name = Release;
		};
/* End XCBuildConfiguration section */

/* Begin XCConfigurationList section */
		E4294DFD19E82E5400895CCC /* Build configuration list for PBXProject "CodeChallenge02" */ = {
			isa = XCConfigurationList;
			buildConfigurations = (
				E4294E2319E82E5400895CCC /* Debug */,
				E4294E2419E82E5400895CCC /* Release */,
			);
			defaultConfigurationIsVisible = 0;
			defaultConfigurationName = Release;
		};
		E4294E2519E82E5400895CCC /* Build configuration list for PBXNativeTarget "CodeChallenge02" */ = {
			isa = XCConfigurationList;
			buildConfigurations = (
				E4294E2619E82E5400895CCC /* Debug */,
				E4294E2719E82E5400895CCC /* Release */,
			);
			defaultConfigurationIsVisible = 0;
		};
		E4294E2819E82E5400895CCC /* Build configuration list for PBXNativeTarget "CodeChallenge02Tests" */ = {
			isa = XCConfigurationList;
			buildConfigurations = (
				E4294E2919E82E5400895CCC /* Debug */,
				E4294E2A19E82E5400895CCC /* Release */,
			);
			defaultConfigurationIsVisible = 0;
		};
/* End XCConfigurationList section */
	};
	rootObject = E4294DFA19E82E5400895CCC /* Project object */;
}
